
Microsoft Visual Studio Solution File, Format Version 12.00
# Visual Studio Version 17
VisualStudioVersion = 17.11.35431.28
MinimumVisualStudioVersion = 10.0.40219.1
Project("{9A19103F-16F7-4668-BE54-9A1E7A4F7556}") = "NelsonsWeirdTwin", "NelsonsWeirdTwin.csproj", "{EB284E6E-5770-4B4E-8198-DEB83BEAB9FA}"
EndProject
Global
	GlobalSection(SolutionConfigurationPlatforms) = preSolution
		ProdBot|Any CPU = ProdBot|Any CPU
		TestBot|Any CPU = TestBot|Any CPU
	EndGlobalSection
	GlobalSection(ProjectConfigurationPlatforms) = postSolution
		{EB284E6E-5770-4B4E-8198-DEB83BEAB9FA}.ProdBot|Any CPU.ActiveCfg = ProdBot|Any CPU
		{EB284E6E-5770-4B4E-8198-DEB83BEAB9FA}.TestBot|Any CPU.ActiveCfg = TestBot|Any CPU
		{EB284E6E-5770-4B4E-8198-DEB83BEAB9FA}.TestBot|Any CPU.Build.0 = TestBot|Any CPU
	EndGlobalSection
	GlobalSection(SolutionProperties) = preSolution
		HideSolutionNode = FALSE
	EndGlobalSection
	GlobalSection(ExtensibilityGlobals) = postSolution
		SolutionGuid = {946A197B-F984-406B-941B-1CE77361989D}
	EndGlobalSection
EndGlobal
